# This file is autogenerated, do not edit; changes may be undone by the next 'dep ensure'.


[[projects]]
  branch = "master"
  digest = "1:8a8cec3a9b589c7c5c8b84bbc40e00d2c0542a66e87e2f706cb5c06a078b1ce2"
  name = "github.com/Akagi201/cryptotrader"
  packages = [
    "binance",
    "model",
  ]
  pruneopts = ""
  revision = "a58d1deef09dd1fa3737284dec47337ecbccb2ac"

[[projects]]
  branch = "master"
  digest = "1:ac90c8f176adfe0fc6eadb8e9333d4b991a176000bf121cdbe7f707236a7e9d6"
  name = "github.com/Akagi201/utilgo"
  packages = [
    "enums",
    "signs",
  ]
  pruneopts = ""
  revision = "e0aed8b5a58bc09d0e80651d3c2bf772a1b4acee"

[[projects]]
  digest = "1:659451ee49640f3ec7ecc30cfc64aa7104241c9b93d96848cc1eae025d891f8b"
  name = "github.com/aws/aws-lambda-go"
  packages = [
    "events",
    "lambda",
    "lambda/handlertrace",
    "lambda/messages",
    "lambdacontext",
  ]
  pruneopts = ""
  revision = "b3dd246b7d83fd62856549646711e5328075c69a"
  version = "v1.22.0"

[[projects]]
  digest = "1:92a89ca70e2099f53d55c777b42c5d4d81d98e6fd768d9ec9dec109ba24f1de3"
  name = "github.com/aws/aws-sdk-go"
  packages = [
    "aws",
    "aws/awserr",
    "aws/awsutil",
    "aws/client",
    "aws/client/metadata",
    "aws/corehandlers",
    "aws/credentials",
    "aws/credentials/ec2rolecreds",
    "aws/credentials/endpointcreds",
    "aws/credentials/processcreds",
    "aws/credentials/ssocreds",
    "aws/credentials/stscreds",
    "aws/crr",
    "aws/csm",
    "aws/defaults",
    "aws/ec2metadata",
    "aws/endpoints",
    "aws/request",
    "aws/session",
    "aws/signer/v4",
    "internal/context",
    "internal/ini",
    "internal/sdkio",
    "internal/sdkmath",
    "internal/sdkrand",
    "internal/sdkuri",
    "internal/shareddefaults",
    "internal/strings",
    "internal/sync/singleflight",
    "private/protocol",
    "private/protocol/json/jsonutil",
    "private/protocol/jsonrpc",
    "private/protocol/query",
    "private/protocol/query/queryutil",
    "private/protocol/rest",
    "private/protocol/restjson",
    "private/protocol/xml/xmlutil",
    "service/dynamodb",
    "service/dynamodb/dynamodbattribute",
    "service/sso",
    "service/sso/ssoiface",
    "service/sts",
    "service/sts/stsiface",
  ]
  pruneopts = ""
  revision = "09c532959025e22338b990f2f65c4efc6ef7159e"
  version = "v1.37.20"

[[projects]]
  digest = "1:13fe471d0ed891e8544eddfeeb0471fd3c9f2015609a1c000aefdedf52a19d40"
  name = "github.com/jmespath/go-jmespath"
  packages = ["."]
  pruneopts = ""
  revision = "c2b33e84"

[[projects]]
  digest = "1:7f569d906bdd20d906b606415b7d794f798f91a62fcfb6a4daa6d50690fb7a3f"
  name = "github.com/satori/go.uuid"
  packages = ["."]
  pruneopts = ""
  revision = "f58768cc1a7a7e77a3bd49e98cdd21419399b6a3"
  version = "v1.2.0"

[[projects]]
  digest = "1:9914325226e5e662d76193dcba4cdd3f1cc02098431cb92fa5ae35505005ff74"
  name = "github.com/sirupsen/logrus"
  packages = ["."]
  pruneopts = ""
  revision = "bdc0db8ead3853c56b7cd1ac2ba4e11b47d7da6b"
  version = "v1.8.1"

[[projects]]
  digest = "1:0a3d8f7dc17afdc30a5a5becb45fb91ff28aaa64645c69836ccd600d88e9ed9e"
  name = "github.com/spf13/cast"
  packages = ["."]
  pruneopts = ""
  revision = "1ffadf551085444af981432dd0f6d1160c11ec64"
  version = "v1.3.1"

[[projects]]
  digest = "1:4530bb5bc37e2599a6d948f9f0c763cd649ce25e0408a83136d7a1f80c23e5c5"
  name = "github.com/tidwall/gjson"
  packages = ["."]
  pruneopts = ""
  revision = "65353b6d52a31e808c07f9d4651b9473525dcd88"
  version = "v1.6.8"

[[projects]]
  digest = "1:4a6d69ae80faabca22bb556cadac2139a4499fa154106c8fed331c61b37c84c7"
  name = "github.com/tidwall/match"
  packages = ["."]
  pruneopts = ""
  revision = "c2f534168b739a7ec1821a33839fb2f029f26bbc"
  version = "v1.0.3"

[[projects]]
  digest = "1:3aeb379405489ad765826cd56d4c5af1d94bf0afee4f75afb92020d22da73a05"
  name = "github.com/tidwall/pretty"
  packages = ["."]
  pruneopts = ""
  revision = "b87289d70a916a208a3e43f79e4a033337f114cf"
  version = "v1.1.0"

[[projects]]
  branch = "master"
  digest = "1:bbb23be09aa62b638e8a496e8908ad42742c2883a54f3d1e898da1c388b46c70"
  name = "golang.org/x/sys"
  packages = [
    "internal/unsafeheader",
    "unix",
    "windows",
  ]
  pruneopts = ""
  revision = "68d13333faf24bbe12c06419ed07e851a9dbf8f9"

[solve-meta]
  analyzer-name = "dep"
  analyzer-version = 1
  input-imports = [
    "github.com/Akagi201/cryptotrader/binance",
    "github.com/Akagi201/cryptotrader/model",
    "github.com/aws/aws-lambda-go/events",
    "github.com/aws/aws-lambda-go/lambda",
    "github.com/aws/aws-sdk-go/aws",
    "github.com/aws/aws-sdk-go/aws/session",
    "github.com/aws/aws-sdk-go/service/dynamodb",
    "github.com/aws/aws-sdk-go/service/dynamodb/dynamodbattribute",
    "github.com/satori/go.uuid",
  ]
  solver-name = "gps-cdcl"
  solver-version = 1
